
Microsoft Visual Studio Solution File, Format Version 12.00
# Visual Studio 15
VisualStudioVersion = 15.0.28307.539
MinimumVisualStudioVersion = 10.0.40219.1
Project("{FAE04EC0-301F-11D3-BF4B-00C04F79EFBC}") = "mokkisofta", "mokkisofta\mokkisofta.csproj", "{C7C5F57D-43CC-4A43-B460-9ED799760678}"
EndProject
Global
	GlobalSection(SolutionConfigurationPlatforms) = preSolution
		Debug|Any CPU = Debug|Any CPU
		Release|Any CPU = Release|Any CPU
	EndGlobalSection
	GlobalSection(ProjectConfigurationPlatforms) = postSolution
		{C7C5F57D-43CC-4A43-B460-9ED799760678}.Debug|Any CPU.ActiveCfg = Debug|Any CPU
		{C7C5F57D-43CC-4A43-B460-9ED799760678}.Debug|Any CPU.Build.0 = Debug|Any CPU
		{C7C5F57D-43CC-4A43-B460-9ED799760678}.Release|Any CPU.ActiveCfg = Release|Any CPU
		{C7C5F57D-43CC-4A43-B460-9ED799760678}.Release|Any CPU.Build.0 = Release|Any CPU
	EndGlobalSection
	GlobalSection(SolutionProperties) = preSolution
		HideSolutionNode = FALSE
	EndGlobalSection
	GlobalSection(ExtensibilityGlobals) = postSolution
		SolutionGuid = {F6DCF463-CEAC-41B1-835F-BA79958E3B60}
	EndGlobalSection
EndGlobal
